
Microsoft Visual Studio Solution File, Format Version 12.00
# Visual Studio Version 16
VisualStudioVersion = 16.0.29424.173
MinimumVisualStudioVersion = 10.0.40219.1
Project("{FAE04EC0-301F-11D3-BF4B-00C04F79EFBC}") = "OpenTK_library", "OpenTK_library\OpenTK_library.csproj", "{E4FC68E0-0E54-4E28-BB40-A5B4F39DE56A}"
EndProject
Project("{FAE04EC0-301F-11D3-BF4B-00C04F79EFBC}") = "OpenTK_example_1", "OpenTK_example_1\OpenTK_example_1.csproj", "{9F5DCE8D-445B-4E09-AB8E-DE57148FBB3C}"
EndProject
Project("{2150E333-8FDC-42A3-9474-1A3956D46DE8}") = "Solution Items", "Solution Items", "{EB045B05-11E5-43B7-93F6-A0D077E2B66C}"
	ProjectSection(SolutionItems) = preProject
		readme.md = readme.md
		todo.md = todo.md
	EndProjectSection
EndProject
Project("{FAE04EC0-301F-11D3-BF4B-00C04F79EFBC}") = "OpenTK_example_2", "OpenTK_example_2\OpenTK_example_2.csproj", "{B759924B-F70F-4F86-9232-0C419C3FBAE5}"
	ProjectSection(ProjectDependencies) = postProject
		{E4FC68E0-0E54-4E28-BB40-A5B4F39DE56A} = {E4FC68E0-0E54-4E28-BB40-A5B4F39DE56A}
	EndProjectSection
EndProject
Project("{FAE04EC0-301F-11D3-BF4B-00C04F79EFBC}") = "OpenTK_WPF_example_1", "OpenTK_WPF_example_1\OpenTK_WPF_example_1.csproj", "{5C3FC284-49E7-42E3-9124-40BBAD4B9291}"
EndProject
Project("{FAE04EC0-301F-11D3-BF4B-00C04F79EFBC}") = "WpfViewModelModule", "WpfViewModelModule\WpfViewModelModule.csproj", "{93619D2B-BCB4-4751-84AB-2399A9BE058F}"
EndProject
Project("{FAE04EC0-301F-11D3-BF4B-00C04F79EFBC}") = "OpenTK_example_3", "OpenTK_example_3\OpenTK_example_3.csproj", "{E30DF08C-7B40-48BB-A1EC-1D9B1C684BCD}"
	ProjectSection(ProjectDependencies) = postProject
		{E4FC68E0-0E54-4E28-BB40-A5B4F39DE56A} = {E4FC68E0-0E54-4E28-BB40-A5B4F39DE56A}
	EndProjectSection
EndProject
Project("{FAE04EC0-301F-11D3-BF4B-00C04F79EFBC}") = "OpenTK_parallax_mapping", "OpenTK_parallax_mapping\OpenTK_parallax_mapping.csproj", "{B4F5EB9A-23D9-464F-B470-6F37DC57B1A1}"
EndProject
Project("{FAE04EC0-301F-11D3-BF4B-00C04F79EFBC}") = "OpenTK_orbit", "OpenTK_orbit\OpenTK_orbit.csproj", "{33BD7DA4-EB60-49E4-983E-C3AF0286679B}"
EndProject
Project("{FAE04EC0-301F-11D3-BF4B-00C04F79EFBC}") = "OpenTK_rubiks", "OpenTK_rubiks\OpenTK_rubiks.csproj", "{8A359A3C-B15B-42A3-AAF5-0D24A357B3EC}"
EndProject
Project("{FAE04EC0-301F-11D3-BF4B-00C04F79EFBC}") = "OpenTK_compute_raytracing", "OpenTK_compute_raytracing\OpenTK_compute_raytracing.csproj", "{28943155-9798-4430-BA9C-3C5A10745A11}"
EndProject
Project("{FAE04EC0-301F-11D3-BF4B-00C04F79EFBC}") = "OpenTK_exmaple_4", "OpenTK_exmaple_4\OpenTK_exmaple_4.csproj", "{B6072C48-6387-485E-9BB5-5A63CBE97701}"
EndProject
Global
	GlobalSection(SolutionConfigurationPlatforms) = preSolution
		Debug|Any CPU = Debug|Any CPU
		Release|Any CPU = Release|Any CPU
	EndGlobalSection
	GlobalSection(ProjectConfigurationPlatforms) = postSolution
		{E4FC68E0-0E54-4E28-BB40-A5B4F39DE56A}.Debug|Any CPU.ActiveCfg = Debug|Any CPU
		{E4FC68E0-0E54-4E28-BB40-A5B4F39DE56A}.Debug|Any CPU.Build.0 = Debug|Any CPU
		{E4FC68E0-0E54-4E28-BB40-A5B4F39DE56A}.Release|Any CPU.ActiveCfg = Release|Any CPU
		{E4FC68E0-0E54-4E28-BB40-A5B4F39DE56A}.Release|Any CPU.Build.0 = Release|Any CPU
		{9F5DCE8D-445B-4E09-AB8E-DE57148FBB3C}.Debug|Any CPU.ActiveCfg = Debug|Any CPU
		{9F5DCE8D-445B-4E09-AB8E-DE57148FBB3C}.Debug|Any CPU.Build.0 = Debug|Any CPU
		{9F5DCE8D-445B-4E09-AB8E-DE57148FBB3C}.Release|Any CPU.ActiveCfg = Release|Any CPU
		{9F5DCE8D-445B-4E09-AB8E-DE57148FBB3C}.Release|Any CPU.Build.0 = Release|Any CPU
		{B759924B-F70F-4F86-9232-0C419C3FBAE5}.Debug|Any CPU.ActiveCfg = Debug|Any CPU
		{B759924B-F70F-4F86-9232-0C419C3FBAE5}.Debug|Any CPU.Build.0 = Debug|Any CPU
		{B759924B-F70F-4F86-9232-0C419C3FBAE5}.Release|Any CPU.ActiveCfg = Release|Any CPU
		{B759924B-F70F-4F86-9232-0C419C3FBAE5}.Release|Any CPU.Build.0 = Release|Any CPU
		{5C3FC284-49E7-42E3-9124-40BBAD4B9291}.Debug|Any CPU.ActiveCfg = Debug|Any CPU
		{5C3FC284-49E7-42E3-9124-40BBAD4B9291}.Debug|Any CPU.Build.0 = Debug|Any CPU
		{5C3FC284-49E7-42E3-9124-40BBAD4B9291}.Release|Any CPU.ActiveCfg = Release|Any CPU
		{5C3FC284-49E7-42E3-9124-40BBAD4B9291}.Release|Any CPU.Build.0 = Release|Any CPU
		{93619D2B-BCB4-4751-84AB-2399A9BE058F}.Debug|Any CPU.ActiveCfg = Debug|Any CPU
		{93619D2B-BCB4-4751-84AB-2399A9BE058F}.Debug|Any CPU.Build.0 = Debug|Any CPU
		{93619D2B-BCB4-4751-84AB-2399A9BE058F}.Release|Any CPU.ActiveCfg = Release|Any CPU
		{93619D2B-BCB4-4751-84AB-2399A9BE058F}.Release|Any CPU.Build.0 = Release|Any CPU
		{E30DF08C-7B40-48BB-A1EC-1D9B1C684BCD}.Debug|Any CPU.ActiveCfg = Debug|Any CPU
		{E30DF08C-7B40-48BB-A1EC-1D9B1C684BCD}.Debug|Any CPU.Build.0 = Debug|Any CPU
		{E30DF08C-7B40-48BB-A1EC-1D9B1C684BCD}.Release|Any CPU.ActiveCfg = Release|Any CPU
		{E30DF08C-7B40-48BB-A1EC-1D9B1C684BCD}.Release|Any CPU.Build.0 = Release|Any CPU
		{B4F5EB9A-23D9-464F-B470-6F37DC57B1A1}.Debug|Any CPU.ActiveCfg = Debug|Any CPU
		{B4F5EB9A-23D9-464F-B470-6F37DC57B1A1}.Debug|Any CPU.Build.0 = Debug|Any CPU
		{B4F5EB9A-23D9-464F-B470-6F37DC57B1A1}.Release|Any CPU.ActiveCfg = Release|Any CPU
		{B4F5EB9A-23D9-464F-B470-6F37DC57B1A1}.Release|Any CPU.Build.0 = Release|Any CPU
		{33BD7DA4-EB60-49E4-983E-C3AF0286679B}.Debug|Any CPU.ActiveCfg = Debug|Any CPU
		{33BD7DA4-EB60-49E4-983E-C3AF0286679B}.Debug|Any CPU.Build.0 = Debug|Any CPU
		{33BD7DA4-EB60-49E4-983E-C3AF0286679B}.Release|Any CPU.ActiveCfg = Release|Any CPU
		{33BD7DA4-EB60-49E4-983E-C3AF0286679B}.Release|Any CPU.Build.0 = Release|Any CPU
		{8A359A3C-B15B-42A3-AAF5-0D24A357B3EC}.Debug|Any CPU.ActiveCfg = Debug|Any CPU
		{8A359A3C-B15B-42A3-AAF5-0D24A357B3EC}.Debug|Any CPU.Build.0 = Debug|Any CPU
		{8A359A3C-B15B-42A3-AAF5-0D24A357B3EC}.Release|Any CPU.ActiveCfg = Release|Any CPU
		{8A359A3C-B15B-42A3-AAF5-0D24A357B3EC}.Release|Any CPU.Build.0 = Release|Any CPU
		{28943155-9798-4430-BA9C-3C5A10745A11}.Debug|Any CPU.ActiveCfg = Debug|Any CPU
		{28943155-9798-4430-BA9C-3C5A10745A11}.Debug|Any CPU.Build.0 = Debug|Any CPU
		{28943155-9798-4430-BA9C-3C5A10745A11}.Release|Any CPU.ActiveCfg = Release|Any CPU
		{28943155-9798-4430-BA9C-3C5A10745A11}.Release|Any CPU.Build.0 = Release|Any CPU
		{B6072C48-6387-485E-9BB5-5A63CBE97701}.Debug|Any CPU.ActiveCfg = Debug|Any CPU
		{B6072C48-6387-485E-9BB5-5A63CBE97701}.Debug|Any CPU.Build.0 = Debug|Any CPU
		{B6072C48-6387-485E-9BB5-5A63CBE97701}.Release|Any CPU.ActiveCfg = Release|Any CPU
		{B6072C48-6387-485E-9BB5-5A63CBE97701}.Release|Any CPU.Build.0 = Release|Any CPU
	EndGlobalSection
	GlobalSection(SolutionProperties) = preSolution
		HideSolutionNode = FALSE
	EndGlobalSection
	GlobalSection(ExtensibilityGlobals) = postSolution
		SolutionGuid = {D1D86840-14AA-4196-B469-66CD0AAEBB6D}
	EndGlobalSection
EndGlobal
