
Microsoft Visual Studio Solution File, Format Version 12.00
# Visual Studio Version 16
VisualStudioVersion = 16.0.29424.173
MinimumVisualStudioVersion = 10.0.40219.1
Project("{2150E333-8FDC-42A3-9474-1A3956D46DE8}") = "Solution Items", "Solution Items", "{EB045B05-11E5-43B7-93F6-A0D077E2B66C}"
	ProjectSection(SolutionItems) = preProject
		readme.md = readme.md
		todo.md = todo.md
	EndProjectSection
EndProject
Project("{9A19103F-16F7-4668-BE54-9A1E7A4F7556}") = "OpenTK_library", "OpenTK_library\OpenTK_library.csproj", "{5786B142-70F8-49E7-8416-30E8A1B6EA5C}"
EndProject
Project("{9A19103F-16F7-4668-BE54-9A1E7A4F7556}") = "OpenTK_example_1", "OpenTK_example_1\OpenTK_example_1.csproj", "{71583243-E22B-4391-BCA0-EDFA689B779C}"
EndProject
Project("{9A19103F-16F7-4668-BE54-9A1E7A4F7556}") = "OpenTK_example_2", "OpenTK_example_2\OpenTK_example_2.csproj", "{396F695D-75A3-4291-BFBF-B878B4683161}"
EndProject
Project("{9A19103F-16F7-4668-BE54-9A1E7A4F7556}") = "OpenTK_example_3", "OpenTK_example_3\OpenTK_example_3.csproj", "{A79909D7-112C-4498-9D14-10175E14CDA2}"
EndProject
Project("{9A19103F-16F7-4668-BE54-9A1E7A4F7556}") = "OpenTK_example_4", "OpenTK_example_4\OpenTK_example_4.csproj", "{DCB5A60D-112E-47A2-B2FE-FE845CD83C2B}"
EndProject
Project("{9A19103F-16F7-4668-BE54-9A1E7A4F7556}") = "OpenTK_example_5", "OpenTK_example_5\OpenTK_example_5.csproj", "{AD50D1AD-BD1C-4F10-88A1-92816DB4E3AF}"
EndProject
Project("{9A19103F-16F7-4668-BE54-9A1E7A4F7556}") = "OpenTK_example_6", "OpenTK_example_6\OpenTK_example_6.csproj", "{F3ED447F-FBC3-4DAB-92D5-B1352578404D}"
EndProject
Project("{9A19103F-16F7-4668-BE54-9A1E7A4F7556}") = "OpenTK_compute_conestepmap", "OpenTK_compute_conestepmap\OpenTK_compute_conestepmap.csproj", "{F6385FC6-227E-4170-A344-5CB00468FFDC}"
EndProject
Project("{9A19103F-16F7-4668-BE54-9A1E7A4F7556}") = "WpfViewModelModule", "WpfViewModelModule\WpfViewModelModule.csproj", "{FDC35D67-9BB9-4B5E-8EFA-456D9446B2EB}"
EndProject
Project("{9A19103F-16F7-4668-BE54-9A1E7A4F7556}") = "OpenTK_libray_viewmodel", "OpenTK_libray_viewmodel\OpenTK_libray_viewmodel.csproj", "{C830BDEF-19CD-413F-BE58-82F861D67D24}"
EndProject
Project("{FAE04EC0-301F-11D3-BF4B-00C04F79EFBC}") = "OpenTK_controls_firstperson", "OpenTK_controls_firstperson\OpenTK_controls_firstperson.csproj", "{4FA19D1B-5F21-4DE3-9BBE-7EA19974DAE5}"
EndProject
Global
	GlobalSection(SolutionConfigurationPlatforms) = preSolution
		Debug|Any CPU = Debug|Any CPU
		Release|Any CPU = Release|Any CPU
	EndGlobalSection
	GlobalSection(ProjectConfigurationPlatforms) = postSolution
		{5786B142-70F8-49E7-8416-30E8A1B6EA5C}.Debug|Any CPU.ActiveCfg = Debug|Any CPU
		{5786B142-70F8-49E7-8416-30E8A1B6EA5C}.Debug|Any CPU.Build.0 = Debug|Any CPU
		{5786B142-70F8-49E7-8416-30E8A1B6EA5C}.Release|Any CPU.ActiveCfg = Release|Any CPU
		{5786B142-70F8-49E7-8416-30E8A1B6EA5C}.Release|Any CPU.Build.0 = Release|Any CPU
		{71583243-E22B-4391-BCA0-EDFA689B779C}.Debug|Any CPU.ActiveCfg = Debug|Any CPU
		{71583243-E22B-4391-BCA0-EDFA689B779C}.Debug|Any CPU.Build.0 = Debug|Any CPU
		{71583243-E22B-4391-BCA0-EDFA689B779C}.Release|Any CPU.ActiveCfg = Release|Any CPU
		{71583243-E22B-4391-BCA0-EDFA689B779C}.Release|Any CPU.Build.0 = Release|Any CPU
		{396F695D-75A3-4291-BFBF-B878B4683161}.Debug|Any CPU.ActiveCfg = Debug|Any CPU
		{396F695D-75A3-4291-BFBF-B878B4683161}.Debug|Any CPU.Build.0 = Debug|Any CPU
		{396F695D-75A3-4291-BFBF-B878B4683161}.Release|Any CPU.ActiveCfg = Release|Any CPU
		{396F695D-75A3-4291-BFBF-B878B4683161}.Release|Any CPU.Build.0 = Release|Any CPU
		{A79909D7-112C-4498-9D14-10175E14CDA2}.Debug|Any CPU.ActiveCfg = Debug|Any CPU
		{A79909D7-112C-4498-9D14-10175E14CDA2}.Debug|Any CPU.Build.0 = Debug|Any CPU
		{A79909D7-112C-4498-9D14-10175E14CDA2}.Release|Any CPU.ActiveCfg = Release|Any CPU
		{A79909D7-112C-4498-9D14-10175E14CDA2}.Release|Any CPU.Build.0 = Release|Any CPU
		{DCB5A60D-112E-47A2-B2FE-FE845CD83C2B}.Debug|Any CPU.ActiveCfg = Debug|Any CPU
		{DCB5A60D-112E-47A2-B2FE-FE845CD83C2B}.Debug|Any CPU.Build.0 = Debug|Any CPU
		{DCB5A60D-112E-47A2-B2FE-FE845CD83C2B}.Release|Any CPU.ActiveCfg = Release|Any CPU
		{DCB5A60D-112E-47A2-B2FE-FE845CD83C2B}.Release|Any CPU.Build.0 = Release|Any CPU
		{AD50D1AD-BD1C-4F10-88A1-92816DB4E3AF}.Debug|Any CPU.ActiveCfg = Debug|Any CPU
		{AD50D1AD-BD1C-4F10-88A1-92816DB4E3AF}.Debug|Any CPU.Build.0 = Debug|Any CPU
		{AD50D1AD-BD1C-4F10-88A1-92816DB4E3AF}.Release|Any CPU.ActiveCfg = Release|Any CPU
		{AD50D1AD-BD1C-4F10-88A1-92816DB4E3AF}.Release|Any CPU.Build.0 = Release|Any CPU
		{F3ED447F-FBC3-4DAB-92D5-B1352578404D}.Debug|Any CPU.ActiveCfg = Debug|Any CPU
		{F3ED447F-FBC3-4DAB-92D5-B1352578404D}.Debug|Any CPU.Build.0 = Debug|Any CPU
		{F3ED447F-FBC3-4DAB-92D5-B1352578404D}.Release|Any CPU.ActiveCfg = Release|Any CPU
		{F3ED447F-FBC3-4DAB-92D5-B1352578404D}.Release|Any CPU.Build.0 = Release|Any CPU
		{F6385FC6-227E-4170-A344-5CB00468FFDC}.Debug|Any CPU.ActiveCfg = Debug|Any CPU
		{F6385FC6-227E-4170-A344-5CB00468FFDC}.Debug|Any CPU.Build.0 = Debug|Any CPU
		{F6385FC6-227E-4170-A344-5CB00468FFDC}.Release|Any CPU.ActiveCfg = Release|Any CPU
		{F6385FC6-227E-4170-A344-5CB00468FFDC}.Release|Any CPU.Build.0 = Release|Any CPU
		{FDC35D67-9BB9-4B5E-8EFA-456D9446B2EB}.Debug|Any CPU.ActiveCfg = Debug|Any CPU
		{FDC35D67-9BB9-4B5E-8EFA-456D9446B2EB}.Debug|Any CPU.Build.0 = Debug|Any CPU
		{FDC35D67-9BB9-4B5E-8EFA-456D9446B2EB}.Release|Any CPU.ActiveCfg = Release|Any CPU
		{FDC35D67-9BB9-4B5E-8EFA-456D9446B2EB}.Release|Any CPU.Build.0 = Release|Any CPU
		{C830BDEF-19CD-413F-BE58-82F861D67D24}.Debug|Any CPU.ActiveCfg = Debug|Any CPU
		{C830BDEF-19CD-413F-BE58-82F861D67D24}.Debug|Any CPU.Build.0 = Debug|Any CPU
		{C830BDEF-19CD-413F-BE58-82F861D67D24}.Release|Any CPU.ActiveCfg = Release|Any CPU
		{C830BDEF-19CD-413F-BE58-82F861D67D24}.Release|Any CPU.Build.0 = Release|Any CPU
		{4FA19D1B-5F21-4DE3-9BBE-7EA19974DAE5}.Debug|Any CPU.ActiveCfg = Debug|Any CPU
		{4FA19D1B-5F21-4DE3-9BBE-7EA19974DAE5}.Debug|Any CPU.Build.0 = Debug|Any CPU
		{4FA19D1B-5F21-4DE3-9BBE-7EA19974DAE5}.Release|Any CPU.ActiveCfg = Release|Any CPU
		{4FA19D1B-5F21-4DE3-9BBE-7EA19974DAE5}.Release|Any CPU.Build.0 = Release|Any CPU
	EndGlobalSection
	GlobalSection(SolutionProperties) = preSolution
		HideSolutionNode = FALSE
	EndGlobalSection
	GlobalSection(ExtensibilityGlobals) = postSolution
		SolutionGuid = {D1D86840-14AA-4196-B469-66CD0AAEBB6D}
	EndGlobalSection
EndGlobal
