
Microsoft Visual Studio Solution File, Format Version 12.00
# Visual Studio Version 16
VisualStudioVersion = 16.0.29424.173
MinimumVisualStudioVersion = 10.0.40219.1
Project("{FAE04EC0-301F-11D3-BF4B-00C04F79EFBC}") = "OpenTK_library", "OpenTK_library\OpenTK_library.csproj", "{E4FC68E0-0E54-4E28-BB40-A5B4F39DE56A}"
EndProject
Project("{FAE04EC0-301F-11D3-BF4B-00C04F79EFBC}") = "OpenTK_example_1", "OpenTK_example_1\OpenTK_example_1.csproj", "{9F5DCE8D-445B-4E09-AB8E-DE57148FBB3C}"
EndProject
Project("{2150E333-8FDC-42A3-9474-1A3956D46DE8}") = "Solution Items", "Solution Items", "{EB045B05-11E5-43B7-93F6-A0D077E2B66C}"
	ProjectSection(SolutionItems) = preProject
		readme.md = readme.md
		todo.md = todo.md
	EndProjectSection
EndProject
Project("{FAE04EC0-301F-11D3-BF4B-00C04F79EFBC}") = "OpenTK_orbit", "OpenTK_orbit\OpenTK_orbit.csproj", "{1F59C185-8C09-40EC-A4A6-13014E779BDE}"
	ProjectSection(ProjectDependencies) = postProject
		{E4FC68E0-0E54-4E28-BB40-A5B4F39DE56A} = {E4FC68E0-0E54-4E28-BB40-A5B4F39DE56A}
	EndProjectSection
EndProject
Project("{FAE04EC0-301F-11D3-BF4B-00C04F79EFBC}") = "OpenTK_example_2", "OpenTK_example_2\OpenTK_example_2.csproj", "{B759924B-F70F-4F86-9232-0C419C3FBAE5}"
	ProjectSection(ProjectDependencies) = postProject
		{E4FC68E0-0E54-4E28-BB40-A5B4F39DE56A} = {E4FC68E0-0E54-4E28-BB40-A5B4F39DE56A}
	EndProjectSection
EndProject
Global
	GlobalSection(SolutionConfigurationPlatforms) = preSolution
		Debug|Any CPU = Debug|Any CPU
		Release|Any CPU = Release|Any CPU
	EndGlobalSection
	GlobalSection(ProjectConfigurationPlatforms) = postSolution
		{E4FC68E0-0E54-4E28-BB40-A5B4F39DE56A}.Debug|Any CPU.ActiveCfg = Debug|Any CPU
		{E4FC68E0-0E54-4E28-BB40-A5B4F39DE56A}.Debug|Any CPU.Build.0 = Debug|Any CPU
		{E4FC68E0-0E54-4E28-BB40-A5B4F39DE56A}.Release|Any CPU.ActiveCfg = Release|Any CPU
		{E4FC68E0-0E54-4E28-BB40-A5B4F39DE56A}.Release|Any CPU.Build.0 = Release|Any CPU
		{9F5DCE8D-445B-4E09-AB8E-DE57148FBB3C}.Debug|Any CPU.ActiveCfg = Debug|Any CPU
		{9F5DCE8D-445B-4E09-AB8E-DE57148FBB3C}.Debug|Any CPU.Build.0 = Debug|Any CPU
		{9F5DCE8D-445B-4E09-AB8E-DE57148FBB3C}.Release|Any CPU.ActiveCfg = Release|Any CPU
		{9F5DCE8D-445B-4E09-AB8E-DE57148FBB3C}.Release|Any CPU.Build.0 = Release|Any CPU
		{1F59C185-8C09-40EC-A4A6-13014E779BDE}.Debug|Any CPU.ActiveCfg = Debug|Any CPU
		{1F59C185-8C09-40EC-A4A6-13014E779BDE}.Debug|Any CPU.Build.0 = Debug|Any CPU
		{1F59C185-8C09-40EC-A4A6-13014E779BDE}.Release|Any CPU.ActiveCfg = Release|Any CPU
		{1F59C185-8C09-40EC-A4A6-13014E779BDE}.Release|Any CPU.Build.0 = Release|Any CPU
		{B759924B-F70F-4F86-9232-0C419C3FBAE5}.Debug|Any CPU.ActiveCfg = Debug|Any CPU
		{B759924B-F70F-4F86-9232-0C419C3FBAE5}.Debug|Any CPU.Build.0 = Debug|Any CPU
		{B759924B-F70F-4F86-9232-0C419C3FBAE5}.Release|Any CPU.ActiveCfg = Release|Any CPU
		{B759924B-F70F-4F86-9232-0C419C3FBAE5}.Release|Any CPU.Build.0 = Release|Any CPU
	EndGlobalSection
	GlobalSection(SolutionProperties) = preSolution
		HideSolutionNode = FALSE
	EndGlobalSection
	GlobalSection(ExtensibilityGlobals) = postSolution
		SolutionGuid = {D1D86840-14AA-4196-B469-66CD0AAEBB6D}
	EndGlobalSection
EndGlobal
