
Microsoft Visual Studio Solution File, Format Version 12.00
# Visual Studio Version 16
VisualStudioVersion = 16.0.29424.173
MinimumVisualStudioVersion = 10.0.40219.1
Project("{FAE04EC0-301F-11D3-BF4B-00C04F79EFBC}") = "OpenTK_example_1", "OpenTK_example_1.csproj", "{9F5DCE8D-445B-4E09-AB8E-DE57148FBB3C}"
	ProjectSection(ProjectDependencies) = postProject
		{E4FC68E0-0E54-4E28-BB40-A5B4F39DE56A} = {E4FC68E0-0E54-4E28-BB40-A5B4F39DE56A}
	EndProjectSection
EndProject
Project("{FAE04EC0-301F-11D3-BF4B-00C04F79EFBC}") = "OpenTK_library", "..\OpenTK_library\OpenTK_library.csproj", "{E4FC68E0-0E54-4E28-BB40-A5B4F39DE56A}"
EndProject
Global
	GlobalSection(SolutionConfigurationPlatforms) = preSolution
		Debug|Any CPU = Debug|Any CPU
		Release|Any CPU = Release|Any CPU
	EndGlobalSection
	GlobalSection(ProjectConfigurationPlatforms) = postSolution
		{9F5DCE8D-445B-4E09-AB8E-DE57148FBB3C}.Debug|Any CPU.ActiveCfg = Debug|Any CPU
		{9F5DCE8D-445B-4E09-AB8E-DE57148FBB3C}.Debug|Any CPU.Build.0 = Debug|Any CPU
		{9F5DCE8D-445B-4E09-AB8E-DE57148FBB3C}.Release|Any CPU.ActiveCfg = Release|Any CPU
		{9F5DCE8D-445B-4E09-AB8E-DE57148FBB3C}.Release|Any CPU.Build.0 = Release|Any CPU
		{E4FC68E0-0E54-4E28-BB40-A5B4F39DE56A}.Debug|Any CPU.ActiveCfg = Debug|Any CPU
		{E4FC68E0-0E54-4E28-BB40-A5B4F39DE56A}.Debug|Any CPU.Build.0 = Debug|Any CPU
		{E4FC68E0-0E54-4E28-BB40-A5B4F39DE56A}.Release|Any CPU.ActiveCfg = Release|Any CPU
		{E4FC68E0-0E54-4E28-BB40-A5B4F39DE56A}.Release|Any CPU.Build.0 = Release|Any CPU
	EndGlobalSection
	GlobalSection(SolutionProperties) = preSolution
		HideSolutionNode = FALSE
	EndGlobalSection
	GlobalSection(ExtensibilityGlobals) = postSolution
		SolutionGuid = {0B0BEDDC-B1E7-4FC8-96B1-2D0DD7D848D7}
	EndGlobalSection
EndGlobal
